
Microsoft Visual Studio Solution File, Format Version 12.00
# Visual Studio Version 17
VisualStudioVersion = 17.3.32901.215
MinimumVisualStudioVersion = 10.0.40219.1
Project("{FAE04EC0-301F-11D3-BF4B-00C04F79EFBC}") = "WindowsFormsApp3", "WindowsFormsApp3\WindowsFormsApp3.csproj", "{2A9B3273-84D6-4403-9E58-A440ACFA3399}"
EndProject
Global
	GlobalSection(SolutionConfigurationPlatforms) = preSolution
		Debug|Any CPU = Debug|Any CPU
		Release|Any CPU = Release|Any CPU
	EndGlobalSection
	GlobalSection(ProjectConfigurationPlatforms) = postSolution
		{2A9B3273-84D6-4403-9E58-A440ACFA3399}.Debug|Any CPU.ActiveCfg = Debug|Any CPU
		{2A9B3273-84D6-4403-9E58-A440ACFA3399}.Debug|Any CPU.Build.0 = Debug|Any CPU
		{2A9B3273-84D6-4403-9E58-A440ACFA3399}.Release|Any CPU.ActiveCfg = Release|Any CPU
		{2A9B3273-84D6-4403-9E58-A440ACFA3399}.Release|Any CPU.Build.0 = Release|Any CPU
	EndGlobalSection
	GlobalSection(SolutionProperties) = preSolution
		HideSolutionNode = FALSE
	EndGlobalSection
	GlobalSection(ExtensibilityGlobals) = postSolution
		SolutionGuid = {64784286-74F2-4C22-B6D7-171D1B05EF36}
	EndGlobalSection
EndGlobal
